dependencies:
- name: mariadb
  repository: oci://registry-1.docker.io/cloudpirates
  version: 0.10.1
- name: mongodb
  repository: oci://registry-1.docker.io/cloudpirates
  version: 0.7.1
digest: sha256:fbdb4340f2d1c533146c7e8a11d4e0045fe965e46e76993e2631afef0fb6e756
generated: "2026-01-05T16:44:44.43724+01:00"
