dependencies:
- name: mariadb
  repository: https://charts.bitnami.com/bitnami
  version: 11.4.2
- name: mongodb
  repository: https://charts.bitnami.com/bitnami
  version: 13.9.4
digest: sha256:6bc8f948ee43ac97ad3f1eeaa9613f5941662674bb2a8d0919cca62ed9581e6d
generated: "2023-04-26T10:36:28.725841+02:00"
